
Microsoft Visual Studio Solution File, Format Version 12.00
# Visual Studio Version 16
VisualStudioVersion = 16.0.29806.167
MinimumVisualStudioVersion = 10.0.40219.1
Project("{8BC9CEB8-8B4A-11D0-8D11-00A0C91BC942}") = "CS311-HW3", "CS311-HW3.vcxproj", "{28535D9A-C9C2-41B0-B3FF-2542062C67BE}"
EndProject
Global
	GlobalSection(SolutionConfigurationPlatforms) = preSolution
		Debug|x64 = Debug|x64
		Debug|x86 = Debug|x86
		Release|x64 = Release|x64
		Release|x86 = Release|x86
	EndGlobalSection
	GlobalSection(ProjectConfigurationPlatforms) = postSolution
		{28535D9A-C9C2-41B0-B3FF-2542062C67BE}.Debug|x64.ActiveCfg = Debug|x64
		{28535D9A-C9C2-41B0-B3FF-2542062C67BE}.Debug|x64.Build.0 = Debug|x64
		{28535D9A-C9C2-41B0-B3FF-2542062C67BE}.Debug|x86.ActiveCfg = Debug|Win32
		{28535D9A-C9C2-41B0-B3FF-2542062C67BE}.Debug|x86.Build.0 = Debug|Win32
		{28535D9A-C9C2-41B0-B3FF-2542062C67BE}.Release|x64.ActiveCfg = Release|x64
		{28535D9A-C9C2-41B0-B3FF-2542062C67BE}.Release|x64.Build.0 = Release|x64
		{28535D9A-C9C2-41B0-B3FF-2542062C67BE}.Release|x86.ActiveCfg = Release|Win32
		{28535D9A-C9C2-41B0-B3FF-2542062C67BE}.Release|x86.Build.0 = Release|Win32
	EndGlobalSection
	GlobalSection(SolutionProperties) = preSolution
		HideSolutionNode = FALSE
	EndGlobalSection
	GlobalSection(ExtensibilityGlobals) = postSolution
		SolutionGuid = {6D3754E5-C769-46C0-B3EF-43DB6F531358}
	EndGlobalSection
EndGlobal
