
Microsoft Visual Studio Solution File, Format Version 12.00
# Visual Studio Version 16
VisualStudioVersion = 16.0.29806.167
MinimumVisualStudioVersion = 10.0.40219.1
Project("{8BC9CEB8-8B4A-11D0-8D11-00A0C91BC942}") = "CS413-Project1", "CS413-Project1.vcxproj", "{1D0F0FD8-E156-4F6F-894F-311D695A921B}"
EndProject
Global
	GlobalSection(SolutionConfigurationPlatforms) = preSolution
		Debug|x64 = Debug|x64
		Debug|x86 = Debug|x86
		Release|x64 = Release|x64
		Release|x86 = Release|x86
	EndGlobalSection
	GlobalSection(ProjectConfigurationPlatforms) = postSolution
		{1D0F0FD8-E156-4F6F-894F-311D695A921B}.Debug|x64.ActiveCfg = Debug|x64
		{1D0F0FD8-E156-4F6F-894F-311D695A921B}.Debug|x64.Build.0 = Debug|x64
		{1D0F0FD8-E156-4F6F-894F-311D695A921B}.Debug|x86.ActiveCfg = Debug|Win32
		{1D0F0FD8-E156-4F6F-894F-311D695A921B}.Debug|x86.Build.0 = Debug|Win32
		{1D0F0FD8-E156-4F6F-894F-311D695A921B}.Release|x64.ActiveCfg = Release|x64
		{1D0F0FD8-E156-4F6F-894F-311D695A921B}.Release|x64.Build.0 = Release|x64
		{1D0F0FD8-E156-4F6F-894F-311D695A921B}.Release|x86.ActiveCfg = Release|Win32
		{1D0F0FD8-E156-4F6F-894F-311D695A921B}.Release|x86.Build.0 = Release|Win32
	EndGlobalSection
	GlobalSection(SolutionProperties) = preSolution
		HideSolutionNode = FALSE
	EndGlobalSection
	GlobalSection(ExtensibilityGlobals) = postSolution
		SolutionGuid = {C9DBDF55-8757-4375-90E0-9D6EC54B0239}
	EndGlobalSection
EndGlobal
